{
  "requires": true,
  "lockfileVersion": 1,
  "dependencies": {
    "@babel/runtime": {
      "version": "7.11.2",
      "resolved": "https://registry.npmjs.org/@babel/runtime/-/runtime-7.11.2.tgz",
      "integrity": "sha512-TeWkU52so0mPtDcaCTxNBI/IHiz0pZgr8VEFqXFtZWpYD08ZB6FaSwVAS8MKRQAP3bYKiVjwysOJgMFY28o6Tw==",
      "requires": {
        "regenerator-runtime": "^0.13.4"
      }
    },
    "html-parse-stringify2": {
      "version": "2.0.1",
      "resolved": "https://registry.npmjs.org/html-parse-stringify2/-/html-parse-stringify2-2.0.1.tgz",
      "integrity": "sha1-3FZwtyksoVi3vJFsmmc1rIhyg0o=",
      "requires": {
        "void-elements": "^2.0.1"
      }
    },
    "react-i18next": {
      "version": "11.7.0",
      "resolved": "https://registry.npmjs.org/react-i18next/-/react-i18next-11.7.0.tgz",
      "integrity": "sha512-8tvVkpuxQlubcszZON+jmoCgiA9gCZ74OAYli9KChPhETtq8pJsANBTe9KRLRLmX3ubumgvidURWr0VvKz1tww==",
      "requires": {
        "@babel/runtime": "^7.3.1",
        "html-parse-stringify2": "2.0.1"
      }
    },
    "react-native-localize": {
      "version": "1.4.1",
      "resolved": "https://registry.npmjs.org/react-native-localize/-/react-native-localize-1.4.1.tgz",
      "integrity": "sha512-g1L1au6GtCd0Ci6lQ8JVPYgl7uvEtKY2jeVghJcV6qQEN9+qACyqjOIR8pskUyI+qcSj1z4/nZh3IFxDVu1drw=="
    },
    "regenerator-runtime": {
      "version": "0.13.7",
      "resolved": "https://registry.npmjs.org/regenerator-runtime/-/regenerator-runtime-0.13.7.tgz",
      "integrity": "sha512-a54FxoJDIr27pgf7IgeQGxmqUNYrcV338lf/6gH456HZ/PhX+5BcwHXG9ajESmwe6WRO0tAzRUrRmNONWgkrew=="
    },
    "void-elements": {
      "version": "2.0.1",
      "resolved": "https://registry.npmjs.org/void-elements/-/void-elements-2.0.1.tgz",
      "integrity": "sha1-wGavtYK7HLQSjWDqkjkulNXp2+w="
    }
  }
}
