# THIS IS AN AUTOGENERATED FILE. DO NOT EDIT THIS FILE DIRECTLY.
# yarn lockfile v1


i18n-js@^3.7.1:
  version "3.7.1"
  resolved "https://registry.yarnpkg.com/i18n-js/-/i18n-js-3.7.1.tgz#c70de6a64dc0ad5d2b6273eecfac636e5ed0421a"
  integrity sha512-xrRzCeda5ZC0u0yRN+dMdidtda0N+f7t7Pek0ajWb+iyKqSGdrMmuBtbNpWJWY5N4Th0cxbp/BR57zSPdrM3Rw==

react-native-localize@^1.4.1:
  version "1.4.1"
  resolved "https://registry.yarnpkg.com/react-native-localize/-/react-native-localize-1.4.1.tgz#031bd2089f09cc16ee7daee03019684dda60c275"
  integrity sha512-g1L1au6GtCd0Ci6lQ8JVPYgl7uvEtKY2jeVghJcV6qQEN9+qACyqjOIR8pskUyI+qcSj1z4/nZh3IFxDVu1drw==
